
Microsoft Visual Studio Solution File, Format Version 11.00
# Visual Studio 2010
Project("{FAE04EC0-301F-11D3-BF4B-00C04F79EFBC}") = "SIAWeb", "SIAWeb\SIAWeb.csproj", "{30E53529-D590-46CE-AF05-E37E1F384D51}"
EndProject
Project("{FAE04EC0-301F-11D3-BF4B-00C04F79EFBC}") = "SIABusinessLayer", "SIABusinessLayer\SIABusinessLayer.csproj", "{0F704ACA-494C-4B99-A95F-EA27B5107509}"
EndProject
Global
	GlobalSection(SolutionConfigurationPlatforms) = preSolution
		Debug|Any CPU = Debug|Any CPU
		Release|Any CPU = Release|Any CPU
	EndGlobalSection
	GlobalSection(ProjectConfigurationPlatforms) = postSolution
		{30E53529-D590-46CE-AF05-E37E1F384D51}.Debug|Any CPU.ActiveCfg = Debug|Any CPU
		{30E53529-D590-46CE-AF05-E37E1F384D51}.Debug|Any CPU.Build.0 = Debug|Any CPU
		{30E53529-D590-46CE-AF05-E37E1F384D51}.Release|Any CPU.ActiveCfg = Release|Any CPU
		{30E53529-D590-46CE-AF05-E37E1F384D51}.Release|Any CPU.Build.0 = Release|Any CPU
		{0F704ACA-494C-4B99-A95F-EA27B5107509}.Debug|Any CPU.ActiveCfg = Debug|Any CPU
		{0F704ACA-494C-4B99-A95F-EA27B5107509}.Debug|Any CPU.Build.0 = Debug|Any CPU
		{0F704ACA-494C-4B99-A95F-EA27B5107509}.Release|Any CPU.ActiveCfg = Release|Any CPU
		{0F704ACA-494C-4B99-A95F-EA27B5107509}.Release|Any CPU.Build.0 = Release|Any CPU
	EndGlobalSection
	GlobalSection(SolutionProperties) = preSolution
		HideSolutionNode = FALSE
	EndGlobalSection
EndGlobal
