
Microsoft Visual Studio Solution File, Format Version 11.00
# Visual Studio 2010
Project("{FAE04EC0-301F-11D3-BF4B-00C04F79EFBC}") = "SIAWeb", "SIAWeb\SIAWeb.csproj", "{30E53529-D590-46CE-AF05-E37E1F384D51}"
EndProject
Project("{FAE04EC0-301F-11D3-BF4B-00C04F79EFBC}") = "SIAWebLinksBusinessLayer", "SIAWebLinksBusinessLayer\SIAWebLinksBusinessLayer.csproj", "{70250470-C2A5-4A25-B55B-9CC78D5AA12D}"
EndProject
Project("{FAE04EC0-301F-11D3-BF4B-00C04F79EFBC}") = "SOPWeb", "SOPWeb\SOPWeb.csproj", "{4FD8F6B6-3E6F-48B9-BB6D-8DA93F87AD36}"
EndProject
Project("{FAE04EC0-301F-11D3-BF4B-00C04F79EFBC}") = "SOPBusinessLayer", "SOPBusinessLayer\SOPBusinessLayer.csproj", "{D2A217D9-E4E4-40CE-805E-2F0F7ACFAFE9}"
EndProject
Project("{FAE04EC0-301F-11D3-BF4B-00C04F79EFBC}") = "UserBusinessLayer", "UserBusinessLayer\UserBusinessLayer.csproj", "{A6CC0DB3-58C7-4711-BB18-3AF06472115F}"
EndProject
Project("{FAE04EC0-301F-11D3-BF4B-00C04F79EFBC}") = "GrantActivity", "GrantActivity\GrantActivity.csproj", "{351825E3-2950-4F0F-98E9-B4FBC3D58F6F}"
EndProject
Project("{FAE04EC0-301F-11D3-BF4B-00C04F79EFBC}") = "GrantBusinessLayer", "GrantBusinessLayer\GrantBusinessLayer.csproj", "{0F63D961-5D2B-4ED4-BE54-4E25D1F75835}"
EndProject
Project("{FAE04EC0-301F-11D3-BF4B-00C04F79EFBC}") = "Recognition", "Recognition\Recognition.csproj", "{11089F65-8444-49A0-B6AD-A018A4F10675}"
EndProject
Project("{FAE04EC0-301F-11D3-BF4B-00C04F79EFBC}") = "RecognitionBusinessLayer", "RecognitionBusinessLayer\RecognitionBusinessLayer.csproj", "{ED6EF823-9F80-4B20-805C-5F7A7E5167EF}"
EndProject
Global
	GlobalSection(SolutionConfigurationPlatforms) = preSolution
		Debug|Any CPU = Debug|Any CPU
		Release|Any CPU = Release|Any CPU
	EndGlobalSection
	GlobalSection(ProjectConfigurationPlatforms) = postSolution
		{30E53529-D590-46CE-AF05-E37E1F384D51}.Debug|Any CPU.ActiveCfg = Debug|Any CPU
		{30E53529-D590-46CE-AF05-E37E1F384D51}.Debug|Any CPU.Build.0 = Debug|Any CPU
		{30E53529-D590-46CE-AF05-E37E1F384D51}.Release|Any CPU.ActiveCfg = Release|Any CPU
		{30E53529-D590-46CE-AF05-E37E1F384D51}.Release|Any CPU.Build.0 = Release|Any CPU
		{70250470-C2A5-4A25-B55B-9CC78D5AA12D}.Debug|Any CPU.ActiveCfg = Debug|Any CPU
		{70250470-C2A5-4A25-B55B-9CC78D5AA12D}.Debug|Any CPU.Build.0 = Debug|Any CPU
		{70250470-C2A5-4A25-B55B-9CC78D5AA12D}.Release|Any CPU.ActiveCfg = Release|Any CPU
		{70250470-C2A5-4A25-B55B-9CC78D5AA12D}.Release|Any CPU.Build.0 = Release|Any CPU
		{4FD8F6B6-3E6F-48B9-BB6D-8DA93F87AD36}.Debug|Any CPU.ActiveCfg = Debug|Any CPU
		{4FD8F6B6-3E6F-48B9-BB6D-8DA93F87AD36}.Debug|Any CPU.Build.0 = Debug|Any CPU
		{4FD8F6B6-3E6F-48B9-BB6D-8DA93F87AD36}.Release|Any CPU.ActiveCfg = Release|Any CPU
		{4FD8F6B6-3E6F-48B9-BB6D-8DA93F87AD36}.Release|Any CPU.Build.0 = Release|Any CPU
		{D2A217D9-E4E4-40CE-805E-2F0F7ACFAFE9}.Debug|Any CPU.ActiveCfg = Debug|Any CPU
		{D2A217D9-E4E4-40CE-805E-2F0F7ACFAFE9}.Debug|Any CPU.Build.0 = Debug|Any CPU
		{D2A217D9-E4E4-40CE-805E-2F0F7ACFAFE9}.Release|Any CPU.ActiveCfg = Release|Any CPU
		{D2A217D9-E4E4-40CE-805E-2F0F7ACFAFE9}.Release|Any CPU.Build.0 = Release|Any CPU
		{A6CC0DB3-58C7-4711-BB18-3AF06472115F}.Debug|Any CPU.ActiveCfg = Debug|Any CPU
		{A6CC0DB3-58C7-4711-BB18-3AF06472115F}.Debug|Any CPU.Build.0 = Debug|Any CPU
		{A6CC0DB3-58C7-4711-BB18-3AF06472115F}.Release|Any CPU.ActiveCfg = Release|Any CPU
		{A6CC0DB3-58C7-4711-BB18-3AF06472115F}.Release|Any CPU.Build.0 = Release|Any CPU
		{351825E3-2950-4F0F-98E9-B4FBC3D58F6F}.Debug|Any CPU.ActiveCfg = Debug|Any CPU
		{351825E3-2950-4F0F-98E9-B4FBC3D58F6F}.Debug|Any CPU.Build.0 = Debug|Any CPU
		{351825E3-2950-4F0F-98E9-B4FBC3D58F6F}.Release|Any CPU.ActiveCfg = Release|Any CPU
		{351825E3-2950-4F0F-98E9-B4FBC3D58F6F}.Release|Any CPU.Build.0 = Release|Any CPU
		{0F63D961-5D2B-4ED4-BE54-4E25D1F75835}.Debug|Any CPU.ActiveCfg = Debug|Any CPU
		{0F63D961-5D2B-4ED4-BE54-4E25D1F75835}.Debug|Any CPU.Build.0 = Debug|Any CPU
		{0F63D961-5D2B-4ED4-BE54-4E25D1F75835}.Release|Any CPU.ActiveCfg = Release|Any CPU
		{0F63D961-5D2B-4ED4-BE54-4E25D1F75835}.Release|Any CPU.Build.0 = Release|Any CPU
		{11089F65-8444-49A0-B6AD-A018A4F10675}.Debug|Any CPU.ActiveCfg = Debug|Any CPU
		{11089F65-8444-49A0-B6AD-A018A4F10675}.Debug|Any CPU.Build.0 = Debug|Any CPU
		{11089F65-8444-49A0-B6AD-A018A4F10675}.Release|Any CPU.ActiveCfg = Release|Any CPU
		{11089F65-8444-49A0-B6AD-A018A4F10675}.Release|Any CPU.Build.0 = Release|Any CPU
		{ED6EF823-9F80-4B20-805C-5F7A7E5167EF}.Debug|Any CPU.ActiveCfg = Debug|Any CPU
		{ED6EF823-9F80-4B20-805C-5F7A7E5167EF}.Debug|Any CPU.Build.0 = Debug|Any CPU
		{ED6EF823-9F80-4B20-805C-5F7A7E5167EF}.Release|Any CPU.ActiveCfg = Release|Any CPU
		{ED6EF823-9F80-4B20-805C-5F7A7E5167EF}.Release|Any CPU.Build.0 = Release|Any CPU
	EndGlobalSection
	GlobalSection(SolutionProperties) = preSolution
		HideSolutionNode = FALSE
	EndGlobalSection
EndGlobal
